<Solution>
  <Folder Name="/SolutionWide/">
    <File Path="../.gitignore" />
    <File Path="Directory.Build.Props" />
    <File Path="Directory.Packages.Props" />
  </Folder>
  <Project Path="DISourceGeneration.Test/DISourceGeneration.Test.csproj" />
  <Project Path="DiSourceGenerator/DiSourceGenerator.csproj" />
</Solution>
